Microsoft Visual Studio Solution File, Format Version 12.00
# Visual Studio Version 17
VisualStudioVersion = 17.5.2.0
MinimumVisualStudioVersion = 10.0.40219.1
Project("{2150E333-8FDC-42A3-9474-1A3956D46DE8}") = "examples", "examples", "{B36A84DF-456D-A817-6EDD-3EC3E7F6E11F}"
EndProject
Project("{FAE04EC0-301F-11D3-BF4B-00C04F79EFBC}") = "TTEC_API_Formacion", "examples\TTEC_API_Formacion\TTEC_API_Formacion.csproj", "{02A47E7D-3774-E11A-D206-1823ADDDBD82}"
EndProject
Global
	GlobalSection(SolutionConfigurationPlatforms) = preSolution
		Debug|Any CPU = Debug|Any CPU
		Release|Any CPU = Release|Any CPU
	EndGlobalSection
	GlobalSection(ProjectConfigurationPlatforms) = postSolution
		{02A47E7D-3774-E11A-D206-1823ADDDBD82}.Debug|Any CPU.ActiveCfg = Debug|Any CPU
		{02A47E7D-3774-E11A-D206-1823ADDDBD82}.Debug|Any CPU.Build.0 = Debug|Any CPU
		{02A47E7D-3774-E11A-D206-1823ADDDBD82}.Release|Any CPU.ActiveCfg = Release|Any CPU
		{02A47E7D-3774-E11A-D206-1823ADDDBD82}.Release|Any CPU.Build.0 = Release|Any CPU
	EndGlobalSection
	GlobalSection(SolutionProperties) = preSolution
		HideSolutionNode = FALSE
	EndGlobalSection
	GlobalSection(NestedProjects) = preSolution
		{02A47E7D-3774-E11A-D206-1823ADDDBD82} = {B36A84DF-456D-A817-6EDD-3EC3E7F6E11F}
	EndGlobalSection
	GlobalSection(ExtensibilityGlobals) = postSolution
		SolutionGuid = {C37EC321-E3CE-42F0-8FEB-C858ADCBB634}
	EndGlobalSection
EndGlobal
